
Microsoft Visual Studio Solution File, Format Version 12.00
# Visual Studio Version 16
VisualStudioVersion = 16.0.29911.84
MinimumVisualStudioVersion = 10.0.40219.1
Project("{9A19103F-16F7-4668-BE54-9A1E7A4F7556}") = "Dash", "Dash\Dash.csproj", "{C330EC06-448F-4B70-AE8E-DA304537086A}"
EndProject
Project("{9A19103F-16F7-4668-BE54-9A1E7A4F7556}") = "Dash.Tests", "..\test\Dash.Tests\Dash.Tests.csproj", "{2E115D0E-035B-4583-8AF5-90E7107D40A6}"
EndProject
Global
	GlobalSection(SolutionConfigurationPlatforms) = preSolution
		Debug|Any CPU = Debug|Any CPU
		Release|Any CPU = Release|Any CPU
	EndGlobalSection
	GlobalSection(ProjectConfigurationPlatforms) = postSolution
		{C330EC06-448F-4B70-AE8E-DA304537086A}.Debug|Any CPU.ActiveCfg = Debug|Any CPU
		{C330EC06-448F-4B70-AE8E-DA304537086A}.Debug|Any CPU.Build.0 = Debug|Any CPU
		{C330EC06-448F-4B70-AE8E-DA304537086A}.Release|Any CPU.ActiveCfg = Release|Any CPU
		{C330EC06-448F-4B70-AE8E-DA304537086A}.Release|Any CPU.Build.0 = Release|Any CPU
		{2E115D0E-035B-4583-8AF5-90E7107D40A6}.Debug|Any CPU.ActiveCfg = Debug|Any CPU
		{2E115D0E-035B-4583-8AF5-90E7107D40A6}.Debug|Any CPU.Build.0 = Debug|Any CPU
		{2E115D0E-035B-4583-8AF5-90E7107D40A6}.Release|Any CPU.ActiveCfg = Release|Any CPU
		{2E115D0E-035B-4583-8AF5-90E7107D40A6}.Release|Any CPU.Build.0 = Release|Any CPU
	EndGlobalSection
	GlobalSection(SolutionProperties) = preSolution
		HideSolutionNode = FALSE
	EndGlobalSection
	GlobalSection(ExtensibilityGlobals) = postSolution
		SolutionGuid = {E0F6EDBC-48CA-48FE-B0AA-718DF0BD1DF9}
	EndGlobalSection
EndGlobal
